// !$*UTF8*$!
{
	archiveVersion = 1;
	classes = {
	};
	objectVersion = 46;
	objects = {

/* Begin PBXBuildFile section */
		04F8C3FB1CAC611D00A40D0D /* main.m in Sources */ = {isa = PBXBuildFile; fileRef = 04F8C3FA1CAC611D00A40D0D /* main.m */; };
		04F8C3FE1CAC611D00A40D0D /* KBAppDelegate.m in Sources */ = {isa = PBXBuildFile; fileRef = 04F8C3FD1CAC611D00A40D0D /* KBAppDelegate.m */; };
		04F8C4041CAC611D00A40D0D /* Main.storyboard in Resources */ = {isa = PBXBuildFile; fileRef = 04F8C4021CAC611D00A40D0D /* Main.storyboard */; };
		04F8C4061CAC611D00A40D0D /* Assets.xcassets in Resources */ = {isa = PBXBuildFile; fileRef = 04F8C4051CAC611D00A40D0D /* Assets.xcassets */; };
		04F8C4091CAC611D00A40D0D /* LaunchScreen.storyboard in Resources */ = {isa = PBXBuildFile; fileRef = 04F8C4071CAC611D00A40D0D /* LaunchScreen.storyboard */; };
		04F8C4141CAC611D00A40D0D /* TestBlogTests.m in Sources */ = {isa = PBXBuildFile; fileRef = 04F8C4131CAC611D00A40D0D /* TestBlogTests.m */; };
		04F8C4241CAC659B00A40D0D /* KBBlogViewController.m in Sources */ = {isa = PBXBuildFile; fileRef = 04F8C4231CAC659B00A40D0D /* KBBlogViewController.m */; };
/* End PBXBuildFile section */

/* Begin PBXContainerItemProxy section */
		04F8C4101CAC611D00A40D0D /* PBXContainerItemProxy */ = {
			isa = PBXContainerItemProxy;
			containerPortal = 04F8C3EE1CAC611D00A40D0D /* Project object */;
			proxyType = 1;
			remoteGlobalIDString = 04F8C3F51CAC611D00A40D0D;
			remoteInfo = TestBlog;
		};
/* End PBXContainerItemProxy section */

/* Begin PBXFileReference section */
		04F8C3F61CAC611D00A40D0D /* TestBlog.app */ = {isa = PBXFileReference; explicitFileType = wrapper.application; includeInIndex = 0; path = TestBlog.app; sourceTree = BUILT_PRODUCTS_DIR; };
		04F8C3FA1CAC611D00A40D0D /* main.m */ = {isa = PBXFileReference; lastKnownFileType = sourcecode.c.objc; path = main.m; sourceTree = "<group>"; };
		04F8C3FC1CAC611D00A40D0D /* KBAppDelegate.h */ = {isa = PBXFileReference; lastKnownFileType = sourcecode.c.h; path = KBAppDelegate.h; sourceTree = "<group>"; };
		04F8C3FD1CAC611D00A40D0D /* KBAppDelegate.m */ = {isa = PBXFileReference; lastKnownFileType = sourcecode.c.objc; path = KBAppDelegate.m; sourceTree = "<group>"; };
		04F8C4031CAC611D00A40D0D /* Base */ = {isa = PBXFileReference; lastKnownFileType = file.storyboard; name = Base; path = Base.lproj/Main.storyboard; sourceTree = "<group>"; };
		04F8C4051CAC611D00A40D0D /* Assets.xcassets */ = {isa = PBXFileReference; lastKnownFileType = folder.assetcatalog; path = Assets.xcassets; sourceTree = "<group>"; };
		04F8C4081CAC611D00A40D0D /* Base */ = {isa = PBXFileReference; lastKnownFileType = file.storyboard; name = Base; path = Base.lproj/LaunchScreen.storyboard; sourceTree = "<group>"; };
		04F8C40A1CAC611D00A40D0D /* Info.plist */ = {isa = PBXFileReference; lastKnownFileType = text.plist.xml; path = Info.plist; sourceTree = "<group>"; };
		04F8C40F1CAC611D00A40D0D /* TestBlogTests.xctest */ = {isa = PBXFileReference; explicitFileType = wrapper.cfbundle; includeInIndex = 0; path = TestBlogTests.xctest; sourceTree = BUILT_PRODUCTS_DIR; };
		04F8C4131CAC611D00A40D0D /* TestBlogTests.m */ = {isa = PBXFileReference; lastKnownFileType = sourcecode.c.objc; path = TestBlogTests.m; sourceTree = "<group>"; };
		04F8C4151CAC611D00A40D0D /* Info.plist */ = {isa = PBXFileReference; lastKnownFileType = text.plist.xml; path = Info.plist; sourceTree = "<group>"; };
		04F8C4221CAC659B00A40D0D /* KBBlogViewController.h */ = {isa = PBXFileReference; fileEncoding = 4; lastKnownFileType = sourcecode.c.h; path = KBBlogViewController.h; sourceTree = "<group>"; };
		04F8C4231CAC659B00A40D0D /* KBBlogViewController.m */ = {isa = PBXFileReference; fileEncoding = 4; lastKnownFileType = sourcecode.c.objc; path = KBBlogViewController.m; sourceTree = "<group>"; };
/* End PBXFileReference section */

/* Begin PBXFrameworksBuildPhase section */
		04F8C3F31CAC611D00A40D0D /* Frameworks */ = {
			isa = PBXFrameworksBuildPhase;
			buildActionMask = 2147483647;
			files = (
			);
			runOnlyForDeploymentPostprocessing = 0;
		};
		04F8C40C1CAC611D00A40D0D /* Frameworks */ = {
			isa = PBXFrameworksBuildPhase;
			buildActionMask = 2147483647;
			files = (
			);
			runOnlyForDeploymentPostprocessing = 0;
		};
/* End PBXFrameworksBuildPhase section */

/* Begin PBXGroup section */
		04F8C3ED1CAC611D00A40D0D = {
			isa = PBXGroup;
			children = (
				04F8C3F81CAC611D00A40D0D /* TestBlog */,
				04F8C4121CAC611D00A40D0D /* TestBlogTests */,
				04F8C3F71CAC611D00A40D0D /* Products */,
			);
			sourceTree = "<group>";
		};
		04F8C3F71CAC611D00A40D0D /* Products */ = {
			isa = PBXGroup;
			children = (
				04F8C3F61CAC611D00A40D0D /* TestBlog.app */,
				04F8C40F1CAC611D00A40D0D /* TestBlogTests.xctest */,
			);
			name = Products;
			sourceTree = "<group>";
		};
		04F8C3F81CAC611D00A40D0D /* TestBlog */ = {
			isa = PBXGroup;
			children = (
				04F8C3FC1CAC611D00A40D0D /* KBAppDelegate.h */,
				04F8C3FD1CAC611D00A40D0D /* KBAppDelegate.m */,
				04F8C41E1CAC657700A40D0D /* Adapters */,
				04F8C4201CAC657700A40D0D /* Controllers */,
				04F8C4021CAC611D00A40D0D /* Main.storyboard */,
				04F8C4051CAC611D00A40D0D /* Assets.xcassets */,
				04F8C4071CAC611D00A40D0D /* LaunchScreen.storyboard */,
				04F8C40A1CAC611D00A40D0D /* Info.plist */,
				04F8C3F91CAC611D00A40D0D /* Supporting Files */,
			);
			path = TestBlog;
			sourceTree = "<group>";
		};
		04F8C3F91CAC611D00A40D0D /* Supporting Files */ = {
			isa = PBXGroup;
			children = (
				04F8C3FA1CAC611D00A40D0D /* main.m */,
			);
			name = "Supporting Files";
			sourceTree = "<group>";
		};
		04F8C4121CAC611D00A40D0D /* TestBlogTests */ = {
			isa = PBXGroup;
			children = (
				04F8C4131CAC611D00A40D0D /* TestBlogTests.m */,
				04F8C4151CAC611D00A40D0D /* Info.plist */,
			);
			path = TestBlogTests;
			sourceTree = "<group>";
		};
		04F8C41E1CAC657700A40D0D /* Adapters */ = {
			isa = PBXGroup;
			children = (
				04F8C41F1CAC657700A40D0D /* KBBlogDelegate */,
			);
			path = Adapters;
			sourceTree = "<group>";
		};
		04F8C41F1CAC657700A40D0D /* KBBlogDelegate */ = {
			isa = PBXGroup;
			children = (
			);
			path = KBBlogDelegate;
			sourceTree = "<group>";
		};
		04F8C4201CAC657700A40D0D /* Controllers */ = {
			isa = PBXGroup;
			children = (
				04F8C4211CAC657700A40D0D /* KBBlogController */,
			);
			path = Controllers;
			sourceTree = "<group>";
		};
		04F8C4211CAC657700A40D0D /* KBBlogController */ = {
			isa = PBXGroup;
			children = (
				04F8C4221CAC659B00A40D0D /* KBBlogViewController.h */,
				04F8C4231CAC659B00A40D0D /* KBBlogViewController.m */,
			);
			path = KBBlogController;
			sourceTree = "<group>";
		};
/* End PBXGroup section */

/* Begin PBXNativeTarget section */
		04F8C3F51CAC611D00A40D0D /* TestBlog */ = {
			isa = PBXNativeTarget;
			buildConfigurationList = 04F8C4181CAC611D00A40D0D /* Build configuration list for PBXNativeTarget "TestBlog" */;
			buildPhases = (
				04F8C3F21CAC611D00A40D0D /* Sources */,
				04F8C3F31CAC611D00A40D0D /* Frameworks */,
				04F8C3F41CAC611D00A40D0D /* Resources */,
			);
			buildRules = (
			);
			dependencies = (
			);
			name = TestBlog;
			productName = TestBlog;
			productReference = 04F8C3F61CAC611D00A40D0D /* TestBlog.app */;
			productType = "com.apple.product-type.application";
		};
		04F8C40E1CAC611D00A40D0D /* TestBlogTests */ = {
			isa = PBXNativeTarget;
			buildConfigurationList = 04F8C41B1CAC611D00A40D0D /* Build configuration list for PBXNativeTarget "TestBlogTests" */;
			buildPhases = (
				04F8C40B1CAC611D00A40D0D /* Sources */,
				04F8C40C1CAC611D00A40D0D /* Frameworks */,
				04F8C40D1CAC611D00A40D0D /* Resources */,
			);
			buildRules = (
			);
			dependencies = (
				04F8C4111CAC611D00A40D0D /* PBXTargetDependency */,
			);
			name = TestBlogTests;
			productName = TestBlogTests;
			productReference = 04F8C40F1CAC611D00A40D0D /* TestBlogTests.xctest */;
			productType = "com.apple.product-type.bundle.unit-test";
		};
/* End PBXNativeTarget section */

/* Begin PBXProject section */
		04F8C3EE1CAC611D00A40D0D /* Project object */ = {
			isa = PBXProject;
			attributes = {
				LastUpgradeCheck = 0730;
				ORGANIZATIONNAME = "Bykhkalo Konstantyh";
				TargetAttributes = {
					04F8C3F51CAC611D00A40D0D = {
						CreatedOnToolsVersion = 7.3;
					};
					04F8C40E1CAC611D00A40D0D = {
						CreatedOnToolsVersion = 7.3;
						TestTargetID = 04F8C3F51CAC611D00A40D0D;
					};
				};
			};
			buildConfigurationList = 04F8C3F11CAC611D00A40D0D /* Build configuration list for PBXProject "TestBlog" */;
			compatibilityVersion = "Xcode 3.2";
			developmentRegion = English;
			hasScannedForEncodings = 0;
			knownRegions = (
				en,
				Base,
			);
			mainGroup = 04F8C3ED1CAC611D00A40D0D;
			productRefGroup = 04F8C3F71CAC611D00A40D0D /* Products */;
			projectDirPath = "";
			projectRoot = "";
			targets = (
				04F8C3F51CAC611D00A40D0D /* TestBlog */,
				04F8C40E1CAC611D00A40D0D /* TestBlogTests */,
			);
		};
/* End PBXProject section */

/* Begin PBXResourcesBuildPhase section */
		04F8C3F41CAC611D00A40D0D /* Resources */ = {
			isa = PBXResourcesBuildPhase;
			buildActionMask = 2147483647;
			files = (
				04F8C4091CAC611D00A40D0D /* LaunchScreen.storyboard in Resources */,
				04F8C4061CAC611D00A40D0D /* Assets.xcassets in Resources */,
				04F8C4041CAC611D00A40D0D /* Main.storyboard in Resources */,
			);
			runOnlyForDeploymentPostprocessing = 0;
		};
		04F8C40D1CAC611D00A40D0D /* Resources */ = {
			isa = PBXResourcesBuildPhase;
			buildActionMask = 2147483647;
			files = (
			);
			runOnlyForDeploymentPostprocessing = 0;
		};
/* End PBXResourcesBuildPhase section */

/* Begin PBXSourcesBuildPhase section */
		04F8C3F21CAC611D00A40D0D /* Sources */ = {
			isa = PBXSourcesBuildPhase;
			buildActionMask = 2147483647;
			files = (
				04F8C4241CAC659B00A40D0D /* KBBlogViewController.m in Sources */,
				04F8C3FE1CAC611D00A40D0D /* KBAppDelegate.m in Sources */,
				04F8C3FB1CAC611D00A40D0D /* main.m in Sources */,
			);
			runOnlyForDeploymentPostprocessing = 0;
		};
		04F8C40B1CAC611D00A40D0D /* Sources */ = {
			isa = PBXSourcesBuildPhase;
			buildActionMask = 2147483647;
			files = (
				04F8C4141CAC611D00A40D0D /* TestBlogTests.m in Sources */,
			);
			runOnlyForDeploymentPostprocessing = 0;
		};
/* End PBXSourcesBuildPhase section */

/* Begin PBXTargetDependency section */
		04F8C4111CAC611D00A40D0D /* PBXTargetDependency */ = {
			isa = PBXTargetDependency;
			target = 04F8C3F51CAC611D00A40D0D /* TestBlog */;
			targetProxy = 04F8C4101CAC611D00A40D0D /* PBXContainerItemProxy */;
		};
/* End PBXTargetDependency section */

/* Begin PBXVariantGroup section */
		04F8C4021CAC611D00A40D0D /* Main.storyboard */ = {
			isa = PBXVariantGroup;
			children = (
				04F8C4031CAC611D00A40D0D /* Base */,
			);
			name = Main.storyboard;
			sourceTree = "<group>";
		};
		04F8C4071CAC611D00A40D0D /* LaunchScreen.storyboard */ = {
			isa = PBXVariantGroup;
			children = (
				04F8C4081CAC611D00A40D0D /* Base */,
			);
			name = LaunchScreen.storyboard;
			sourceTree = "<group>";
		};
/* End PBXVariantGroup section */

/* Begin XCBuildConfiguration section */
		04F8C4161CAC611D00A40D0D /* Debug */ = {
			isa = XCBuildConfiguration;
			buildSettings = {
				ALWAYS_SEARCH_USER_PATHS = NO;
				CLANG_ANALYZER_NONNULL = YES;
				CLANG_CXX_LANGUAGE_STANDARD = "gnu++0x";
				CLANG_CXX_LIBRARY = "libc++";
				CLANG_ENABLE_MODULES = YES;
				CLANG_ENABLE_OBJC_ARC = YES;
				CLANG_WARN_BOOL_CONVERSION = YES;
				CLANG_WARN_CONSTANT_CONVERSION = YES;
				CLANG_WARN_DIRECT_OBJC_ISA_USAGE = YES_ERROR;
				CLANG_WARN_EMPTY_BODY = YES;
				CLANG_WARN_ENUM_CONVERSION = YES;
				CLANG_WARN_INT_CONVERSION = YES;
				CLANG_WARN_OBJC_ROOT_CLASS = YES_ERROR;
				CLANG_WARN_UNREACHABLE_CODE = YES;
				CLANG_WARN__DUPLICATE_METHOD_MATCH = YES;
				"CODE_SIGN_IDENTITY[sdk=iphoneos*]" = "iPhone Developer";
				COPY_PHASE_STRIP = NO;
				DEBUG_INFORMATION_FORMAT = dwarf;
				ENABLE_STRICT_OBJC_MSGSEND = YES;
				ENABLE_TESTABILITY = YES;
				GCC_C_LANGUAGE_STANDARD = gnu99;
				GCC_DYNAMIC_NO_PIC = NO;
				GCC_NO_COMMON_BLOCKS = YES;
				GCC_OPTIMIZATION_LEVEL = 0;
				GCC_PREPROCESSOR_DEFINITIONS = (
					"DEBUG=1",
					"$(inherited)",
				);
				GCC_WARN_64_TO_32_BIT_CONVERSION = YES;
				GCC_WARN_ABOUT_RETURN_TYPE = YES_ERROR;
				GCC_WARN_UNDECLARED_SELECTOR = YES;
				GCC_WARN_UNINITIALIZED_AUTOS = YES_AGGRESSIVE;
				GCC_WARN_UNUSED_FUNCTION = YES;
				GCC_WARN_UNUSED_VARIABLE = YES;
				IPHONEOS_DEPLOYMENT_TARGET = 9.3;
				MTL_ENABLE_DEBUG_INFO = YES;
				ONLY_ACTIVE_ARCH = YES;
				SDKROOT = iphoneos;
			};
			name = Debug;
		};
		04F8C4171CAC611D00A40D0D /* Release */ = {
			isa = XCBuildConfiguration;
			buildSettings = {
				ALWAYS_SEARCH_USER_PATHS = NO;
				CLANG_ANALYZER_NONNULL = YES;
				CLANG_CXX_LANGUAGE_STANDARD = "gnu++0x";
				CLANG_CXX_LIBRARY = "libc++";
				CLANG_ENABLE_MODULES = YES;
				CLANG_ENABLE_OBJC_ARC = YES;
				CLANG_WARN_BOOL_CONVERSION = YES;
				CLANG_WARN_CONSTANT_CONVERSION = YES;
				CLANG_WARN_DIRECT_OBJC_ISA_USAGE = YES_ERROR;
				CLANG_WARN_EMPTY_BODY = YES;
				CLANG_WARN_ENUM_CONVERSION = YES;
				CLANG_WARN_INT_CONVERSION = YES;
				CLANG_WARN_OBJC_ROOT_CLASS = YES_ERROR;
				CLANG_WARN_UNREACHABLE_CODE = YES;
				CLANG_WARN__DUPLICATE_METHOD_MATCH = YES;
				"CODE_SIGN_IDENTITY[sdk=iphoneos*]" = "iPhone Developer";
				COPY_PHASE_STRIP = NO;
				DEBUG_INFORMATION_FORMAT = "dwarf-with-dsym";
				ENABLE_NS_ASSERTIONS = NO;
				ENABLE_STRICT_OBJC_MSGSEND = YES;
				GCC_C_LANGUAGE_STANDARD = gnu99;
				GCC_NO_COMMON_BLOCKS = YES;
				GCC_WARN_64_TO_32_BIT_CONVERSION = YES;
				GCC_WARN_ABOUT_RETURN_TYPE = YES_ERROR;
				GCC_WARN_UNDECLARED_SELECTOR = YES;
				GCC_WARN_UNINITIALIZED_AUTOS = YES_AGGRESSIVE;
				GCC_WARN_UNUSED_FUNCTION = YES;
				GCC_WARN_UNUSED_VARIABLE = YES;
				IPHONEOS_DEPLOYMENT_TARGET = 9.3;
				MTL_ENABLE_DEBUG_INFO = NO;
				SDKROOT = iphoneos;
				VALIDATE_PRODUCT = YES;
			};
			name = Release;
		};
		04F8C4191CAC611D00A40D0D /* Debug */ = {
			isa = XCBuildConfiguration;
			buildSettings = {
				ASSETCATALOG_COMPILER_APPICON_NAME = AppIcon;
				INFOPLIST_FILE = TestBlog/Info.plist;
				LD_RUNPATH_SEARCH_PATHS = "$(inherited) @executable_path/Frameworks";
				PRODUCT_BUNDLE_IDENTIFIER = BykhkaloKonstantyn.TestBlog;
				PRODUCT_NAME = "$(TARGET_NAME)";
			};
			name = Debug;
		};
		04F8C41A1CAC611D00A40D0D /* Release */ = {
			isa = XCBuildConfiguration;
			buildSettings = {
				ASSETCATALOG_COMPILER_APPICON_NAME = AppIcon;
				INFOPLIST_FILE = TestBlog/Info.plist;
				LD_RUNPATH_SEARCH_PATHS = "$(inherited) @executable_path/Frameworks";
				PRODUCT_BUNDLE_IDENTIFIER = BykhkaloKonstantyn.TestBlog;
				PRODUCT_NAME = "$(TARGET_NAME)";
			};
			name = Release;
		};
		04F8C41C1CAC611D00A40D0D /* Debug */ = {
			isa = XCBuildConfiguration;
			buildSettings = {
				BUNDLE_LOADER = "$(TEST_HOST)";
				INFOPLIST_FILE = TestBlogTests/Info.plist;
				LD_RUNPATH_SEARCH_PATHS = "$(inherited) @executable_path/Frameworks @loader_path/Frameworks";
				PRODUCT_BUNDLE_IDENTIFIER = BykhkaloKonstantyn.TestBlogTests;
				PRODUCT_NAME = "$(TARGET_NAME)";
				TEST_HOST = "$(BUILT_PRODUCTS_DIR)/TestBlog.app/TestBlog";
			};
			name = Debug;
		};
		04F8C41D1CAC611D00A40D0D /* Release */ = {
			isa = XCBuildConfiguration;
			buildSettings = {
				BUNDLE_LOADER = "$(TEST_HOST)";
				INFOPLIST_FILE = TestBlogTests/Info.plist;
				LD_RUNPATH_SEARCH_PATHS = "$(inherited) @executable_path/Frameworks @loader_path/Frameworks";
				PRODUCT_BUNDLE_IDENTIFIER = BykhkaloKonstantyn.TestBlogTests;
				PRODUCT_NAME = "$(TARGET_NAME)";
				TEST_HOST = "$(BUILT_PRODUCTS_DIR)/TestBlog.app/TestBlog";
			};
			name = Release;
		};
/* End XCBuildConfiguration section */

/* Begin XCConfigurationList section */
		04F8C3F11CAC611D00A40D0D /* Build configuration list for PBXProject "TestBlog" */ = {
			isa = XCConfigurationList;
			buildConfigurations = (
				04F8C4161CAC611D00A40D0D /* Debug */,
				04F8C4171CAC611D00A40D0D /* Release */,
			);
			defaultConfigurationIsVisible = 0;
			defaultConfigurationName = Release;
		};
		04F8C4181CAC611D00A40D0D /* Build configuration list for PBXNativeTarget "TestBlog" */ = {
			isa = XCConfigurationList;
			buildConfigurations = (
				04F8C4191CAC611D00A40D0D /* Debug */,
				04F8C41A1CAC611D00A40D0D /* Release */,
			);
			defaultConfigurationIsVisible = 0;
		};
		04F8C41B1CAC611D00A40D0D /* Build configuration list for PBXNativeTarget "TestBlogTests" */ = {
			isa = XCConfigurationList;
			buildConfigurations = (
				04F8C41C1CAC611D00A40D0D /* Debug */,
				04F8C41D1CAC611D00A40D0D /* Release */,
			);
			defaultConfigurationIsVisible = 0;
		};
/* End XCConfigurationList section */
	};
	rootObject = 04F8C3EE1CAC611D00A40D0D /* Project object */;
}
